schema: '2.0'
stages:
  data_ingestion:
    cmd: python 
      J:/Sentiment-Analysis/sentiment_analysis/components/data_ingestion.py
    deps:
    - path: sentiment_analysis\components\data_ingestion.py
      hash: md5
      md5: 78dc5f82673127de0cd9f6b8e87ef5c7
      size: 5076
    params:
      params.yaml:
        data_ingestion.test_size: 0.2
    outs:
    - path: data/raw
      hash: md5
      md5: e13bcce40396cd334c8a7a334868166a.dir
      size: 6919701
      nfiles: 2
  data_preprocessing:
    cmd: python 
      J:/Sentiment-Analysis/sentiment_analysis/components/data_transformation.py
    deps:
    - path: data/raw/test.csv
      hash: md5
      md5: ea97ba82a4a25627bf4ffb52572484ea
      size: 1348612
    - path: data/raw/train.csv
      hash: md5
      md5: 1bd422dd6d135bced1d6c64a3e84a45d
      size: 5571089
    - path: sentiment_analysis\components\data_transformation.py
      hash: md5
      md5: 458ed33d5285b76d53d79f6ae434d352
      size: 3023
    outs:
    - path: data/interim
      hash: md5
      md5: ba42408e7bd1e85685474d6a349ae57e.dir
      size: 5134850
      nfiles: 2
  model_trainer:
    cmd: python 
      J:/Sentiment-Analysis/sentiment_analysis/components/model_trainer.py
    deps:
    - path: data/interim/train_processed.csv
      hash: md5
      md5: 35027dfda8274bd9356544f2ff358aa4
      size: 4134324
    - path: sentiment_analysis\components\model_trainer.py
      hash: md5
      md5: dc54f06a1a6ac0fb2fde9dafe86e7b96
      size: 4510
    params:
      params.yaml:
        model_building.learning_rate: 0.09
        model_building.max_depth: 20
        model_building.max_features: 1000
        model_building.n_estimators: 367
        model_building.ngram_range:
        - 1
        - 3
    outs:
    - path: lgbm_model.pkl
      hash: md5
      md5: 7776e68b737ac3a54b6d6421c86ed472
      size: 3886741
    - path: tfidf_vectorizer.pkl
      hash: md5
      md5: dcd56fcf40b224c70b69a7c9b2912c45
      size: 18360853
  model_evaluation:
    cmd: python 
      J:/Sentiment-Analysis/sentiment_analysis/components/model_evaluation.py
    deps:
    - path: data/interim/test_processed.csv
      hash: md5
      md5: 4f30375397ec89fead1745ee6d70f201
      size: 1000526
    - path: data/interim/train_processed.csv
      hash: md5
      md5: 35027dfda8274bd9356544f2ff358aa4
      size: 4134324
    - path: lgbm_model.pkl
      hash: md5
      md5: 7776e68b737ac3a54b6d6421c86ed472
      size: 3886741
    - path: sentiment_analysis\components\model_evaluation.py
      hash: md5
      md5: 6fb9a7b81dfd0111eee183ce0e1b466e
      size: 6121
    - path: tfidf_vectorizer.pkl
      hash: md5
      md5: dcd56fcf40b224c70b69a7c9b2912c45
      size: 18360853
    outs:
    - path: experiment_info.json
      hash: md5
      md5: b5d26eeab5c22972cf830a2ac966dc6b
      size: 169
  model_registration:
    cmd: python J:/Sentiment-Analysis/sentiment_analysis/components/register.py
    deps:
    - path: experiment_info.json
      hash: md5
      md5: b5d26eeab5c22972cf830a2ac966dc6b
      size: 169
    - path: sentiment_analysis\components\register.py
      hash: md5
      md5: 304b21dd9ab4f1b90b55e4c24d94d36f
      size: 2088
