schema: '2.0'
stages:
  data_ingestion:
    cmd: python 
      J:/Sentiment-Analysis/sentiment_analysis/components/data_ingestion.py
    deps:
    - path: sentiment_analysis\components\data_ingestion.py
      hash: md5
      md5: 78dc5f82673127de0cd9f6b8e87ef5c7
      size: 5076
    params:
      params.yaml:
        data_ingestion.test_size: 0.2
    outs:
    - path: data/raw
      hash: md5
      md5: e13bcce40396cd334c8a7a334868166a.dir
      size: 6919701
      nfiles: 2
  data_preprocessing:
    cmd: python 
      J:/Sentiment-Analysis/sentiment_analysis/components/data_transformation.py
    deps:
    - path: data/raw/test.csv
      hash: md5
      md5: ea97ba82a4a25627bf4ffb52572484ea
      size: 1348612
    - path: data/raw/train.csv
      hash: md5
      md5: 1bd422dd6d135bced1d6c64a3e84a45d
      size: 5571089
    - path: sentiment_analysis\components\data_transformation.py
      hash: md5
      md5: 458ed33d5285b76d53d79f6ae434d352
      size: 3023
    outs:
    - path: data/interim
      hash: md5
      md5: ba42408e7bd1e85685474d6a349ae57e.dir
      size: 5134850
      nfiles: 2
